PODS:
  - GoogleMaps (8.0.0):
    - GoogleMaps/Maps (= 8.0.0)
  - GoogleMaps/Base (8.0.0)
  - GoogleMaps/Maps (8.0.0):
    - GoogleMaps/Base

DEPENDENCIES:
  - GoogleMaps (= 8.0.0)

SPEC REPOS:
  trunk:
    - GoogleMaps

SPEC CHECKSUMS:
  GoogleMaps: 0dce473ab18742d0f327887853630927cbee9127

PODFILE CHECKSUM: 5322180f6d5589aca338cf8c36ffac0a162adc22

COCOAPODS: 1.12.1
