// !$*UTF8*$!
{
	archiveVersion = 1;
	classes = {
	};
	objectVersion = 50;
	objects = {

/* Begin PBXBuildFile section */
		35D08B3D59D79249D60A1376 /* Pods_TAQI.framework in Frameworks */ = {isa = PBXBuildFile; fileRef = 61E36300214CF319152C974A /* Pods_TAQI.framework */; };
		43198E2422500C2C00221748 /* Location History.json in Resources */ = {isa = PBXBuildFile; fileRef = 43198E2322500C2C00221748 /* Location History.json */; };
		432609F9227FA0C60051BCBC /* ArcGIS.framework in Frameworks */ = {isa = PBXBuildFile; fileRef = 432609F8227FA0C60051BCBC /* ArcGIS.framework */; };
		432609FA227FA0C60051BCBC /* ArcGIS.framework in Embed Frameworks */ = {isa = PBXBuildFile; fileRef = 432609F8227FA0C60051BCBC /* ArcGIS.framework */; settings = {ATTRIBUTES = (CodeSignOnCopy, RemoveHeadersOnCopy, ); }; };
		43399179227A68A9000C8E28 /* AnalysisViewController.swift in Sources */ = {isa = PBXBuildFile; fileRef = 43399178227A68A9000C8E28 /* AnalysisViewController.swift */; };
		434119C12295D32B0087D8AD /* AQIInfoViewController.swift in Sources */ = {isa = PBXBuildFile; fileRef = 434119C02295D32B0087D8AD /* AQIInfoViewController.swift */; };
		434119C32295D8320087D8AD /* aqiInfo.rtf in Resources */ = {isa = PBXBuildFile; fileRef = 434119C22295D8320087D8AD /* aqiInfo.rtf */; };
		434901742194D147006A9672 /* AppDelegate.swift in Sources */ = {isa = PBXBuildFile; fileRef = 434901732194D147006A9672 /* AppDelegate.swift */; };
		434901762194D147006A9672 /* DocumentBrowserViewController.swift in Sources */ = {isa = PBXBuildFile; fileRef = 434901752194D147006A9672 /* DocumentBrowserViewController.swift */; };
		4349017A2194D147006A9672 /* Document.swift in Sources */ = {isa = PBXBuildFile; fileRef = 434901792194D147006A9672 /* Document.swift */; };
		4349017D2194D147006A9672 /* Main.storyboard in Resources */ = {isa = PBXBuildFile; fileRef = 4349017B2194D147006A9672 /* Main.storyboard */; };
		434901822194D147006A9672 /* LaunchScreen.storyboard in Resources */ = {isa = PBXBuildFile; fileRef = 434901802194D147006A9672 /* LaunchScreen.storyboard */; };
		4349018D2194D147006A9672 /* TAQITests.swift in Sources */ = {isa = PBXBuildFile; fileRef = 4349018C2194D147006A9672 /* TAQITests.swift */; };
		43580DBC221B9DA800B48596 /* Location.swift in Sources */ = {isa = PBXBuildFile; fileRef = 43580DBB221B9DA800B48596 /* Location.swift */; };
		4385676F22265FF600371171 /* Path.swift in Sources */ = {isa = PBXBuildFile; fileRef = 4385676E22265FF600371171 /* Path.swift */; };
		438A4E33228F262600DC1B5B /* GMUKMLParser.m in Sources */ = {isa = PBXBuildFile; fileRef = 438A4DEA228F262500DC1B5B /* GMUKMLParser.m */; };
		438A4E34228F262600DC1B5B /* GMUGeometryRenderer.m in Sources */ = {isa = PBXBuildFile; fileRef = 438A4DEB228F262500DC1B5B /* GMUGeometryRenderer.m */; };
		438A4E35228F262600DC1B5B /* GMUGeometryCollection.m in Sources */ = {isa = PBXBuildFile; fileRef = 438A4DEE228F262500DC1B5B /* GMUGeometryCollection.m */; };
		438A4E36228F262600DC1B5B /* GMUPlacemark.m in Sources */ = {isa = PBXBuildFile; fileRef = 438A4DF1228F262500DC1B5B /* GMUPlacemark.m */; };
		438A4E37228F262600DC1B5B /* GMUPolygon.m in Sources */ = {isa = PBXBuildFile; fileRef = 438A4DF2228F262500DC1B5B /* GMUPolygon.m */; };
		438A4E38228F262600DC1B5B /* GMUStyleMap.m in Sources */ = {isa = PBXBuildFile; fileRef = 438A4DF5228F262500DC1B5B /* GMUStyleMap.m */; };
		438A4E39228F262600DC1B5B /* GMUFeature.m in Sources */ = {isa = PBXBuildFile; fileRef = 438A4DF6228F262500DC1B5B /* GMUFeature.m */; };
		438A4E3A228F262600DC1B5B /* GMUGroundOverlay.m in Sources */ = {isa = PBXBuildFile; fileRef = 438A4DF8228F262500DC1B5B /* GMUGroundOverlay.m */; };
		438A4E3B228F262600DC1B5B /* GMUStyle.m in Sources */ = {isa = PBXBuildFile; fileRef = 438A4DF9228F262500DC1B5B /* GMUStyle.m */; };
		438A4E3C228F262600DC1B5B /* GMUPoint.m in Sources */ = {isa = PBXBuildFile; fileRef = 438A4DFA228F262500DC1B5B /* GMUPoint.m */; };
		438A4E3D228F262600DC1B5B /* GMUPair.m in Sources */ = {isa = PBXBuildFile; fileRef = 438A4DFD228F262500DC1B5B /* GMUPair.m */; };
		438A4E3E228F262600DC1B5B /* GMULineString.m in Sources */ = {isa = PBXBuildFile; fileRef = 438A4E02228F262500DC1B5B /* GMULineString.m */; };
		438A4E3F228F262600DC1B5B /* GMUGeoJSONParser.m in Sources */ = {isa = PBXBuildFile; fileRef = 438A4E06228F262500DC1B5B /* GMUGeoJSONParser.m */; };
		438A4E40228F262600DC1B5B /* GMUClusterManager.m in Sources */ = {isa = PBXBuildFile; fileRef = 438A4E09228F262500DC1B5B /* GMUClusterManager.m */; };
		438A4E41228F262600DC1B5B /* GMUGridBasedClusterAlgorithm.m in Sources */ = {isa = PBXBuildFile; fileRef = 438A4E0D228F262500DC1B5B /* GMUGridBasedClusterAlgorithm.m */; };
		438A4E42228F262600DC1B5B /* GMUWrappingDictionaryKey.m in Sources */ = {isa = PBXBuildFile; fileRef = 438A4E10228F262500DC1B5B /* GMUWrappingDictionaryKey.m */; };
		438A4E43228F262600DC1B5B /* GMUSimpleClusterAlgorithm.m in Sources */ = {isa = PBXBuildFile; fileRef = 438A4E11228F262500DC1B5B /* GMUSimpleClusterAlgorithm.m */; };
		438A4E44228F262600DC1B5B /* GMUNonHierarchicalDistanceBasedAlgorithm.m in Sources */ = {isa = PBXBuildFile; fileRef = 438A4E13228F262500DC1B5B /* GMUNonHierarchicalDistanceBasedAlgorithm.m */; };
		438A4E45228F262600DC1B5B /* GMUDefaultClusterRenderer.m in Sources */ = {isa = PBXBuildFile; fileRef = 438A4E1C228F262500DC1B5B /* GMUDefaultClusterRenderer.m */; };
		438A4E46228F262600DC1B5B /* GMUDefaultClusterIconGenerator.m in Sources */ = {isa = PBXBuildFile; fileRef = 438A4E1E228F262500DC1B5B /* GMUDefaultClusterIconGenerator.m */; };
		438A4E47228F262600DC1B5B /* GMUStaticCluster.m in Sources */ = {isa = PBXBuildFile; fileRef = 438A4E21228F262500DC1B5B /* GMUStaticCluster.m */; };
		438A4E48228F262600DC1B5B /* GMUWeightedLatLng.m in Sources */ = {isa = PBXBuildFile; fileRef = 438A4E26228F262500DC1B5B /* GMUWeightedLatLng.m */; };
		438A4E49228F262600DC1B5B /* GMUGradient.m in Sources */ = {isa = PBXBuildFile; fileRef = 438A4E29228F262500DC1B5B /* GMUGradient.m */; };
		438A4E4A228F262600DC1B5B /* GMUHeatmapTileLayer.m in Sources */ = {isa = PBXBuildFile; fileRef = 438A4E2A228F262500DC1B5B /* GMUHeatmapTileLayer.m */; };
		438A4E4B228F262600DC1B5B /* GQTPointQuadTree.m in Sources */ = {isa = PBXBuildFile; fileRef = 438A4E2C228F262600DC1B5B /* GQTPointQuadTree.m */; };
		438A4E4C228F262600DC1B5B /* GQTPointQuadTreeChild.m in Sources */ = {isa = PBXBuildFile; fileRef = 438A4E2E228F262600DC1B5B /* GQTPointQuadTreeChild.m */; };
		438A4E50228F55B600DC1B5B /* InstructionsViewController.swift in Sources */ = {isa = PBXBuildFile; fileRef = 438A4E4F228F55B600DC1B5B /* InstructionsViewController.swift */; };
		438A4E54228F57BC00DC1B5B /* takeout_instructions.rtf in Resources */ = {isa = PBXBuildFile; fileRef = 438A4E53228F57BC00DC1B5B /* takeout_instructions.rtf */; };
		438E6519228B852A00A11491 /* pnw.tif in Resources */ = {isa = PBXBuildFile; fileRef = 438E6517228B852A00A11491 /* pnw.tif */; };
		438E651A228B852A00A11491 /* magma.clr in Resources */ = {isa = PBXBuildFile; fileRef = 438E6518228B852A00A11491 /* magma.clr */; };
		438E651C228B8D7600A11491 /* Assets.xcassets in Resources */ = {isa = PBXBuildFile; fileRef = 438E651B228B8D7500A11491 /* Assets.xcassets */; };
		438E651E228DD0C100A11491 /* DocumentMapViewController.swift in Sources */ = {isa = PBXBuildFile; fileRef = 438E651D228DD0C100A11491 /* DocumentMapViewController.swift */; };
		43E82D702252AC8A00160356 /* ArcGIS.bundle in Resources */ = {isa = PBXBuildFile; fileRef = 43E82D6F2252AC8A00160356 /* ArcGIS.bundle */; };
		43F9D42C22928C24008659AC /* DynamicMapView.swift in Sources */ = {isa = PBXBuildFile; fileRef = 43F9D42B22928C24008659AC /* DynamicMapView.swift */; };
		43F9D456229311EC008659AC /* DynamicMapView.xib in Resources */ = {isa = PBXBuildFile; fileRef = 43F9D455229311EC008659AC /* DynamicMapView.xib */; };
		43F9D45D2293227C008659AC /* AQIStatTableViewCell.swift in Sources */ = {isa = PBXBuildFile; fileRef = 43F9D45C2293227C008659AC /* AQIStatTableViewCell.swift */; };
		43F9D45F22933547008659AC /* AQIStatViewController.swift in Sources */ = {isa = PBXBuildFile; fileRef = 43F9D45E22933547008659AC /* AQIStatViewController.swift */; };
		53CA24E453FCA79F88A6533C /* Pods_TAQITests.framework in Frameworks */ = {isa = PBXBuildFile; fileRef = 5AC4BF00C8D5C4FB47414FDC /* Pods_TAQITests.framework */; };
/* End PBXBuildFile section */

/* Begin PBXContainerItemProxy section */
		434901892194D147006A9672 /* PBXContainerItemProxy */ = {
			isa = PBXContainerItemProxy;
			containerPortal = 434901682194D147006A9672 /* Project object */;
			proxyType = 1;
			remoteGlobalIDString = 4349016F2194D147006A9672;
			remoteInfo = Timeline;
		};
/* End PBXContainerItemProxy section */

/* Begin PBXCopyFilesBuildPhase section */
		432609FB227FA0C60051BCBC /* Embed Frameworks */ = {
			isa = PBXCopyFilesBuildPhase;
			buildActionMask = 2147483647;
			dstPath = "";
			dstSubfolderSpec = 10;
			files = (
				432609FA227FA0C60051BCBC /* ArcGIS.framework in Embed Frameworks */,
			);
			name = "Embed Frameworks";
			runOnlyForDeploymentPostprocessing = 0;
		};
		434901A92194D29F006A9672 /* Embed App Extensions */ = {
			isa = PBXCopyFilesBuildPhase;
			buildActionMask = 2147483647;
			dstPath = "";
			dstSubfolderSpec = 13;
			files = (
			);
			name = "Embed App Extensions";
			runOnlyForDeploymentPostprocessing = 0;
		};
/* End PBXCopyFilesBuildPhase section */

/* Begin PBXFileReference section */
		1079C9CB213F7F824EAF6002 /* Pods-TAQI.release.xcconfig */ = {isa = PBXFileReference; includeInIndex = 1; lastKnownFileType = text.xcconfig; name = "Pods-TAQI.release.xcconfig"; path = "Target Support Files/Pods-TAQI/Pods-TAQI.release.xcconfig"; sourceTree = "<group>"; };
		43198E2322500C2C00221748 /* Location History.json */ = {isa = PBXFileReference; fileEncoding = 4; lastKnownFileType = text.json; name = "Location History.json"; path = "../../../../../Library/Mobile Documents/com~apple~CloudDocs/Documents/Timeline - Dev/Location History.json"; sourceTree = "<group>"; };
		432609F8227FA0C60051BCBC /* ArcGIS.framework */ = {isa = PBXFileReference; lastKnownFileType = wrapper.framework; name = ArcGIS.framework; path = ../../../../Library/SDKs/ArcGIS/iOS/Frameworks/Dynamic/ArcGIS.framework; sourceTree = "<group>"; };
		43399178227A68A9000C8E28 /* AnalysisViewController.swift */ = {isa = PBXFileReference; lastKnownFileType = sourcecode.swift; path = AnalysisViewController.swift; sourceTree = "<group>"; };
		434119C02295D32B0087D8AD /* AQIInfoViewController.swift */ = {isa = PBXFileReference; lastKnownFileType = sourcecode.swift; path = AQIInfoViewController.swift; sourceTree = "<group>"; };
		434119C22295D8320087D8AD /* aqiInfo.rtf */ = {isa = PBXFileReference; fileEncoding = 4; lastKnownFileType = text.rtf; path = aqiInfo.rtf; sourceTree = "<group>"; };
		434901702194D147006A9672 /* TAQI.app */ = {isa = PBXFileReference; explicitFileType = wrapper.application; includeInIndex = 0; path = TAQI.app; sourceTree = BUILT_PRODUCTS_DIR; };
		434901732194D147006A9672 /* AppDelegate.swift */ = {isa = PBXFileReference; lastKnownFileType = sourcecode.swift; path = AppDelegate.swift; sourceTree = "<group>"; };
		434901752194D147006A9672 /* DocumentBrowserViewController.swift */ = {isa = PBXFileReference; lastKnownFileType = sourcecode.swift; path = DocumentBrowserViewController.swift; sourceTree = "<group>"; };
		434901792194D147006A9672 /* Document.swift */ = {isa = PBXFileReference; lastKnownFileType = sourcecode.swift; path = Document.swift; sourceTree = "<group>"; };
		4349017C2194D147006A9672 /* Base */ = {isa = PBXFileReference; lastKnownFileType = file.storyboard; name = Base; path = Base.lproj/Main.storyboard; sourceTree = "<group>"; };
		434901812194D147006A9672 /* Base */ = {isa = PBXFileReference; lastKnownFileType = file.storyboard; name = Base; path = Base.lproj/LaunchScreen.storyboard; sourceTree = "<group>"; };
		434901832194D147006A9672 /* Info.plist */ = {isa = PBXFileReference; lastKnownFileType = text.plist.xml; path = Info.plist; sourceTree = "<group>"; };
		434901882194D147006A9672 /* TAQITests.xctest */ = {isa = PBXFileReference; explicitFileType = wrapper.cfbundle; includeInIndex = 0; path = TAQITests.xctest; sourceTree = BUILT_PRODUCTS_DIR; };
		4349018C2194D147006A9672 /* TAQITests.swift */ = {isa = PBXFileReference; lastKnownFileType = sourcecode.swift; path = TAQITests.swift; sourceTree = "<group>"; };
		4349018E2194D147006A9672 /* Info.plist */ = {isa = PBXFileReference; lastKnownFileType = text.plist.xml; path = Info.plist; sourceTree = "<group>"; };
		43580DBB221B9DA800B48596 /* Location.swift */ = {isa = PBXFileReference; lastKnownFileType = sourcecode.swift; path = Location.swift; sourceTree = "<group>"; };
		4385676E22265FF600371171 /* Path.swift */ = {isa = PBXFileReference; lastKnownFileType = sourcecode.swift; path = Path.swift; sourceTree = "<group>"; };
		438A4DEA228F262500DC1B5B /* GMUKMLParser.m */ = {isa = PBXFileReference; fileEncoding = 4; lastKnownFileType = sourcecode.c.objc; path = GMUKMLParser.m; sourceTree = "<group>"; };
		438A4DEB228F262500DC1B5B /* GMUGeometryRenderer.m */ = {isa = PBXFileReference; fileEncoding = 4; lastKnownFileType = sourcecode.c.objc; path = GMUGeometryRenderer.m; sourceTree = "<group>"; };
		438A4DEC228F262500DC1B5B /* GMUGeoJSONParser.h */ = {isa = PBXFileReference; fileEncoding = 4; lastKnownFileType = sourcecode.c.h; path = GMUGeoJSONParser.h; sourceTree = "<group>"; };
		438A4DEE228F262500DC1B5B /* GMUGeometryCollection.m */ = {isa = PBXFileReference; fileEncoding = 4; lastKnownFileType = sourcecode.c.objc; path = GMUGeometryCollection.m; sourceTree = "<group>"; };
		438A4DEF228F262500DC1B5B /* GMUPoint.h */ = {isa = PBXFileReference; fileEncoding = 4; lastKnownFileType = sourcecode.c.h; path = GMUPoint.h; sourceTree = "<group>"; };
		438A4DF0228F262500DC1B5B /* GMUStyle.h */ = {isa = PBXFileReference; fileEncoding = 4; lastKnownFileType = sourcecode.c.h; path = GMUStyle.h; sourceTree = "<group>"; };
		438A4DF1228F262500DC1B5B /* GMUPlacemark.m */ = {isa = PBXFileReference; fileEncoding = 4; lastKnownFileType = sourcecode.c.objc; path = GMUPlacemark.m; sourceTree = "<group>"; };
		438A4DF2228F262500DC1B5B /* GMUPolygon.m */ = {isa = PBXFileReference; fileEncoding = 4; lastKnownFileType = sourcecode.c.objc; path = GMUPolygon.m; sourceTree = "<group>"; };
		438A4DF3228F262500DC1B5B /* GMUPair.h */ = {isa = PBXFileReference; fileEncoding = 4; lastKnownFileType = sourcecode.c.h; path = GMUPair.h; sourceTree = "<group>"; };
		438A4DF4228F262500DC1B5B /* GMUGeometryContainer.h */ = {isa = PBXFileReference; fileEncoding = 4; lastKnownFileType = sourcecode.c.h; path = GMUGeometryContainer.h; sourceTree = "<group>"; };
		438A4DF5228F262500DC1B5B /* GMUStyleMap.m */ = {isa = PBXFileReference; fileEncoding = 4; lastKnownFileType = sourcecode.c.objc; path = GMUStyleMap.m; sourceTree = "<group>"; };
		438A4DF6228F262500DC1B5B /* GMUFeature.m */ = {isa = PBXFileReference; fileEncoding = 4; lastKnownFileType = sourcecode.c.objc; path = GMUFeature.m; sourceTree = "<group>"; };
		438A4DF7228F262500DC1B5B /* GMULineString.h */ = {isa = PBXFileReference; fileEncoding = 4; lastKnownFileType = sourcecode.c.h; path = GMULineString.h; sourceTree = "<group>"; };
		438A4DF8228F262500DC1B5B /* GMUGroundOverlay.m */ = {isa = PBXFileReference; fileEncoding = 4; lastKnownFileType = sourcecode.c.objc; path = GMUGroundOverlay.m; sourceTree = "<group>"; };
		438A4DF9228F262500DC1B5B /* GMUStyle.m */ = {isa = PBXFileReference; fileEncoding = 4; lastKnownFileType = sourcecode.c.objc; path = GMUStyle.m; sourceTree = "<group>"; };
		438A4DFA228F262500DC1B5B /* GMUPoint.m */ = {isa = PBXFileReference; fileEncoding = 4; lastKnownFileType = sourcecode.c.objc; path = GMUPoint.m; sourceTree = "<group>"; };
		438A4DFB228F262500DC1B5B /* GMUGeometry.h */ = {isa = PBXFileReference; fileEncoding = 4; lastKnownFileType = sourcecode.c.h; path = GMUGeometry.h; sourceTree = "<group>"; };
		438A4DFC228F262500DC1B5B /* GMUGeometryCollection.h */ = {isa = PBXFileReference; fileEncoding = 4; lastKnownFileType = sourcecode.c.h; path = GMUGeometryCollection.h; sourceTree = "<group>"; };
		438A4DFD228F262500DC1B5B /* GMUPair.m */ = {isa = PBXFileReference; fileEncoding = 4; lastKnownFileType = sourcecode.c.objc; path = GMUPair.m; sourceTree = "<group>"; };
		438A4DFE228F262500DC1B5B /* GMUPolygon.h */ = {isa = PBXFileReference; fileEncoding = 4; lastKnownFileType = sourcecode.c.h; path = GMUPolygon.h; sourceTree = "<group>"; };
		438A4DFF228F262500DC1B5B /* GMUPlacemark.h */ = {isa = PBXFileReference; fileEncoding = 4; lastKnownFileType = sourcecode.c.h; path = GMUPlacemark.h; sourceTree = "<group>"; };
		438A4E00228F262500DC1B5B /* GMUStyleMap.h */ = {isa = PBXFileReference; fileEncoding = 4; lastKnownFileType = sourcecode.c.h; path = GMUStyleMap.h; sourceTree = "<group>"; };
		438A4E01228F262500DC1B5B /* GMUGroundOverlay.h */ = {isa = PBXFileReference; fileEncoding = 4; lastKnownFileType = sourcecode.c.h; path = GMUGroundOverlay.h; sourceTree = "<group>"; };
		438A4E02228F262500DC1B5B /* GMULineString.m */ = {isa = PBXFileReference; fileEncoding = 4; lastKnownFileType = sourcecode.c.objc; path = GMULineString.m; sourceTree = "<group>"; };
		438A4E03228F262500DC1B5B /* GMUFeature.h */ = {isa = PBXFileReference; fileEncoding = 4; lastKnownFileType = sourcecode.c.h; path = GMUFeature.h; sourceTree = "<group>"; };
		438A4E04228F262500DC1B5B /* GMUKMLParser.h */ = {isa = PBXFileReference; fileEncoding = 4; lastKnownFileType = sourcecode.c.h; path = GMUKMLParser.h; sourceTree = "<group>"; };
		438A4E05228F262500DC1B5B /* GMUGeometryRenderer+Testing.h */ = {isa = PBXFileReference; fileEncoding = 4; lastKnownFileType = sourcecode.c.h; path = "GMUGeometryRenderer+Testing.h"; sourceTree = "<group>"; };
		438A4E06228F262500DC1B5B /* GMUGeoJSONParser.m */ = {isa = PBXFileReference; fileEncoding = 4; lastKnownFileType = sourcecode.c.objc; path = GMUGeoJSONParser.m; sourceTree = "<group>"; };
		438A4E07228F262500DC1B5B /* GMUGeometryRenderer.h */ = {isa = PBXFileReference; fileEncoding = 4; lastKnownFileType = sourcecode.c.h; path = GMUGeometryRenderer.h; sourceTree = "<group>"; };
		438A4E09228F262500DC1B5B /* GMUClusterManager.m */ = {isa = PBXFileReference; fileEncoding = 4; lastKnownFileType = sourcecode.c.objc; path = GMUClusterManager.m; sourceTree = "<group>"; };
		438A4E0A228F262500DC1B5B /* GMUStaticCluster.h */ = {isa = PBXFileReference; fileEncoding = 4; lastKnownFileType = sourcecode.c.h; path = GMUStaticCluster.h; sourceTree = "<group>"; };
		438A4E0B228F262500DC1B5B /* GMUMarkerClustering.h */ = {isa = PBXFileReference; fileEncoding = 4; lastKnownFileType = sourcecode.c.h; path = GMUMarkerClustering.h; sourceTree = "<group>"; };
		438A4E0D228F262500DC1B5B /* GMUGridBasedClusterAlgorithm.m */ = {isa = PBXFileReference; fileEncoding = 4; lastKnownFileType = sourcecode.c.objc; path = GMUGridBasedClusterAlgorithm.m; sourceTree = "<group>"; };
		438A4E0E228F262500DC1B5B /* GMUClusterAlgorithm.h */ = {isa = PBXFileReference; fileEncoding = 4; lastKnownFileType = sourcecode.c.h; path = GMUClusterAlgorithm.h; sourceTree = "<group>"; };
		438A4E0F228F262500DC1B5B /* GMUNonHierarchicalDistanceBasedAlgorithm.h */ = {isa = PBXFileReference; fileEncoding = 4; lastKnownFileType = sourcecode.c.h; path = GMUNonHierarchicalDistanceBasedAlgorithm.h; sourceTree = "<group>"; };
		438A4E10228F262500DC1B5B /* GMUWrappingDictionaryKey.m */ = {isa = PBXFileReference; fileEncoding = 4; lastKnownFileType = sourcecode.c.objc; path = GMUWrappingDictionaryKey.m; sourceTree = "<group>"; };
		438A4E11228F262500DC1B5B /* GMUSimpleClusterAlgorithm.m */ = {isa = PBXFileReference; fileEncoding = 4; lastKnownFileType = sourcecode.c.objc; path = GMUSimpleClusterAlgorithm.m; sourceTree = "<group>"; };
		438A4E12228F262500DC1B5B /* GMUGridBasedClusterAlgorithm.h */ = {isa = PBXFileReference; fileEncoding = 4; lastKnownFileType = sourcecode.c.h; path = GMUGridBasedClusterAlgorithm.h; sourceTree = "<group>"; };
		438A4E13228F262500DC1B5B /* GMUNonHierarchicalDistanceBasedAlgorithm.m */ = {isa = PBXFileReference; fileEncoding = 4; lastKnownFileType = sourcecode.c.objc; path = GMUNonHierarchicalDistanceBasedAlgorithm.m; sourceTree = "<group>"; };
		438A4E14228F262500DC1B5B /* GMUSimpleClusterAlgorithm.h */ = {isa = PBXFileReference; fileEncoding = 4; lastKnownFileType = sourcecode.c.h; path = GMUSimpleClusterAlgorithm.h; sourceTree = "<group>"; };
		438A4E15228F262500DC1B5B /* GMUWrappingDictionaryKey.h */ = {isa = PBXFileReference; fileEncoding = 4; lastKnownFileType = sourcecode.c.h; path = GMUWrappingDictionaryKey.h; sourceTree = "<group>"; };
		438A4E16228F262500DC1B5B /* GMUClusterManager.h */ = {isa = PBXFileReference; fileEncoding = 4; lastKnownFileType = sourcecode.c.h; path = GMUClusterManager.h; sourceTree = "<group>"; };
		438A4E17228F262500DC1B5B /* GMUClusterManager+Testing.h */ = {isa = PBXFileReference; fileEncoding = 4; lastKnownFileType = sourcecode.c.h; path = "GMUClusterManager+Testing.h"; sourceTree = "<group>"; };
		438A4E19228F262500DC1B5B /* GMUClusterIconGenerator.h */ = {isa = PBXFileReference; fileEncoding = 4; lastKnownFileType = sourcecode.c.h; path = GMUClusterIconGenerator.h; sourceTree = "<group>"; };
		438A4E1A228F262500DC1B5B /* GMUClusterRenderer.h */ = {isa = PBXFileReference; fileEncoding = 4; lastKnownFileType = sourcecode.c.h; path = GMUClusterRenderer.h; sourceTree = "<group>"; };
		438A4E1B228F262500DC1B5B /* GMUDefaultClusterRenderer+Testing.h */ = {isa = PBXFileReference; fileEncoding = 4; lastKnownFileType = sourcecode.c.h; path = "GMUDefaultClusterRenderer+Testing.h"; sourceTree = "<group>"; };
		438A4E1C228F262500DC1B5B /* GMUDefaultClusterRenderer.m */ = {isa = PBXFileReference; fileEncoding = 4; lastKnownFileType = sourcecode.c.objc; path = GMUDefaultClusterRenderer.m; sourceTree = "<group>"; };
		438A4E1D228F262500DC1B5B /* GMUDefaultClusterIconGenerator.h */ = {isa = PBXFileReference; fileEncoding = 4; lastKnownFileType = sourcecode.c.h; path = GMUDefaultClusterIconGenerator.h; sourceTree = "<group>"; };
		438A4E1E228F262500DC1B5B /* GMUDefaultClusterIconGenerator.m */ = {isa = PBXFileReference; fileEncoding = 4; lastKnownFileType = sourcecode.c.objc; path = GMUDefaultClusterIconGenerator.m; sourceTree = "<group>"; };
		438A4E1F228F262500DC1B5B /* GMUDefaultClusterRenderer.h */ = {isa = PBXFileReference; fileEncoding = 4; lastKnownFileType = sourcecode.c.h; path = GMUDefaultClusterRenderer.h; sourceTree = "<group>"; };
		438A4E20228F262500DC1B5B /* GMUDefaultClusterIconGenerator+Testing.h */ = {isa = PBXFileReference; fileEncoding = 4; lastKnownFileType = sourcecode.c.h; path = "GMUDefaultClusterIconGenerator+Testing.h"; sourceTree = "<group>"; };
		438A4E21228F262500DC1B5B /* GMUStaticCluster.m */ = {isa = PBXFileReference; fileEncoding = 4; lastKnownFileType = sourcecode.c.objc; path = GMUStaticCluster.m; sourceTree = "<group>"; };
		438A4E22228F262500DC1B5B /* GMUCluster.h */ = {isa = PBXFileReference; fileEncoding = 4; lastKnownFileType = sourcecode.c.h; path = GMUCluster.h; sourceTree = "<group>"; };
		438A4E23228F262500DC1B5B /* GMUClusterItem.h */ = {isa = PBXFileReference; fileEncoding = 4; lastKnownFileType = sourcecode.c.h; path = GMUClusterItem.h; sourceTree = "<group>"; };
		438A4E25228F262500DC1B5B /* GMUGradient.h */ = {isa = PBXFileReference; fileEncoding = 4; lastKnownFileType = sourcecode.c.h; path = GMUGradient.h; sourceTree = "<group>"; };
		438A4E26228F262500DC1B5B /* GMUWeightedLatLng.m */ = {isa = PBXFileReference; fileEncoding = 4; lastKnownFileType = sourcecode.c.objc; path = GMUWeightedLatLng.m; sourceTree = "<group>"; };
		438A4E27228F262500DC1B5B /* GMUHeatmapTileLayer.h */ = {isa = PBXFileReference; fileEncoding = 4; lastKnownFileType = sourcecode.c.h; path = GMUHeatmapTileLayer.h; sourceTree = "<group>"; };
		438A4E28228F262500DC1B5B /* GMUWeightedLatLng.h */ = {isa = PBXFileReference; fileEncoding = 4; lastKnownFileType = sourcecode.c.h; path = GMUWeightedLatLng.h; sourceTree = "<group>"; };
		438A4E29228F262500DC1B5B /* GMUGradient.m */ = {isa = PBXFileReference; fileEncoding = 4; lastKnownFileType = sourcecode.c.objc; path = GMUGradient.m; sourceTree = "<group>"; };
		438A4E2A228F262500DC1B5B /* GMUHeatmapTileLayer.m */ = {isa = PBXFileReference; fileEncoding = 4; lastKnownFileType = sourcecode.c.objc; path = GMUHeatmapTileLayer.m; sourceTree = "<group>"; };
		438A4E2C228F262600DC1B5B /* GQTPointQuadTree.m */ = {isa = PBXFileReference; fileEncoding = 4; lastKnownFileType = sourcecode.c.objc; path = GQTPointQuadTree.m; sourceTree = "<group>"; };
		438A4E2D228F262600DC1B5B /* GQTPointQuadTreeItem.h */ = {isa = PBXFileReference; fileEncoding = 4; lastKnownFileType = sourcecode.c.h; path = GQTPointQuadTreeItem.h; sourceTree = "<group>"; };
		438A4E2E228F262600DC1B5B /* GQTPointQuadTreeChild.m */ = {isa = PBXFileReference; fileEncoding = 4; lastKnownFileType = sourcecode.c.objc; path = GQTPointQuadTreeChild.m; sourceTree = "<group>"; };
		438A4E2F228F262600DC1B5B /* GQTPoint.h */ = {isa = PBXFileReference; fileEncoding = 4; lastKnownFileType = sourcecode.c.h; path = GQTPoint.h; sourceTree = "<group>"; };
		438A4E30228F262600DC1B5B /* GQTPointQuadTree.h */ = {isa = PBXFileReference; fileEncoding = 4; lastKnownFileType = sourcecode.c.h; path = GQTPointQuadTree.h; sourceTree = "<group>"; };
		438A4E31228F262600DC1B5B /* GQTPointQuadTreeChild.h */ = {isa = PBXFileReference; fileEncoding = 4; lastKnownFileType = sourcecode.c.h; path = GQTPointQuadTreeChild.h; sourceTree = "<group>"; };
		438A4E32228F262600DC1B5B /* GQTBounds.h */ = {isa = PBXFileReference; fileEncoding = 4; lastKnownFileType = sourcecode.c.h; path = GQTBounds.h; sourceTree = "<group>"; };
		438A4E4E228F265D00DC1B5B /* TAQI-Bridging-Header.h */ = {isa = PBXFileReference; lastKnownFileType = sourcecode.c.h; path = "TAQI-Bridging-Header.h"; sourceTree = "<group>"; };
		438A4E4F228F55B600DC1B5B /* InstructionsViewController.swift */ = {isa = PBXFileReference; lastKnownFileType = sourcecode.swift; path = InstructionsViewController.swift; sourceTree = "<group>"; };
		438A4E53228F57BC00DC1B5B /* takeout_instructions.rtf */ = {isa = PBXFileReference; fileEncoding = 4; lastKnownFileType = text.rtf; path = takeout_instructions.rtf; sourceTree = "<group>"; };
		438E6517228B852A00A11491 /* pnw.tif */ = {isa = PBXFileReference; lastKnownFileType = image.tiff; path = pnw.tif; sourceTree = "<group>"; };
		438E6518228B852A00A11491 /* magma.clr */ = {isa = PBXFileReference; fileEncoding = 4; lastKnownFileType = text; path = magma.clr; sourceTree = "<group>"; };
		438E651B228B8D7500A11491 /* Assets.xcassets */ = {isa = PBXFileReference; lastKnownFileType = folder.assetcatalog; path = Assets.xcassets; sourceTree = "<group>"; };
		438E651D228DD0C100A11491 /* DocumentMapViewController.swift */ = {isa = PBXFileReference; fileEncoding = 4; lastKnownFileType = sourcecode.swift; path = DocumentMapViewController.swift; sourceTree = "<group>"; };
		43E82D6F2252AC8A00160356 /* ArcGIS.bundle */ = {isa = PBXFileReference; lastKnownFileType = "wrapper.plug-in"; name = ArcGIS.bundle; path = ../../../../../Library/SDKs/ArcGIS/iOS/Frameworks/Static/ArcGIS.framework/Versions/Current/Resources/ArcGIS.bundle; sourceTree = "<group>"; };
		43F9D42B22928C24008659AC /* DynamicMapView.swift */ = {isa = PBXFileReference; lastKnownFileType = sourcecode.swift; path = DynamicMapView.swift; sourceTree = "<group>"; };
		43F9D455229311EC008659AC /* DynamicMapView.xib */ = {isa = PBXFileReference; lastKnownFileType = file.xib; path = DynamicMapView.xib; sourceTree = "<group>"; };
		43F9D45C2293227C008659AC /* AQIStatTableViewCell.swift */ = {isa = PBXFileReference; lastKnownFileType = sourcecode.swift; path = AQIStatTableViewCell.swift; sourceTree = "<group>"; };
		43F9D45E22933547008659AC /* AQIStatViewController.swift */ = {isa = PBXFileReference; lastKnownFileType = sourcecode.swift; path = AQIStatViewController.swift; sourceTree = "<group>"; };
		5AC4BF00C8D5C4FB47414FDC /* Pods_TAQITests.framework */ = {isa = PBXFileReference; explicitFileType = wrapper.framework; includeInIndex = 0; path = Pods_TAQITests.framework; sourceTree = BUILT_PRODUCTS_DIR; };
		61E36300214CF319152C974A /* Pods_TAQI.framework */ = {isa = PBXFileReference; explicitFileType = wrapper.framework; includeInIndex = 0; path = Pods_TAQI.framework; sourceTree = BUILT_PRODUCTS_DIR; };
		A2EC05C238449FB3CDA01702 /* Pods-TAQI.debug.xcconfig */ = {isa = PBXFileReference; includeInIndex = 1; lastKnownFileType = text.xcconfig; name = "Pods-TAQI.debug.xcconfig"; path = "Target Support Files/Pods-TAQI/Pods-TAQI.debug.xcconfig"; sourceTree = "<group>"; };
		A7CEA67E369BC73045A08C7C /* Pods_TimelineTests.framework */ = {isa = PBXFileReference; explicitFileType = wrapper.framework; includeInIndex = 0; path = Pods_TimelineTests.framework; sourceTree = BUILT_PRODUCTS_DIR; };
		B6C69ED58787FFB71C83AD29 /* Pods-TAQITests.debug.xcconfig */ = {isa = PBXFileReference; includeInIndex = 1; lastKnownFileType = text.xcconfig; name = "Pods-TAQITests.debug.xcconfig"; path = "Target Support Files/Pods-TAQITests/Pods-TAQITests.debug.xcconfig"; sourceTree = "<group>"; };
		B753DE4A1B4A39946D5AD648 /* Pods_Timeline.framework */ = {isa = PBXFileReference; explicitFileType = wrapper.framework; includeInIndex = 0; path = Pods_Timeline.framework; sourceTree = BUILT_PRODUCTS_DIR; };
		E74DB1DECEC0AE52B2C74834 /* Pods-TAQITests.release.xcconfig */ = {isa = PBXFileReference; includeInIndex = 1; lastKnownFileType = text.xcconfig; name = "Pods-TAQITests.release.xcconfig"; path = "Target Support Files/Pods-TAQITests/Pods-TAQITests.release.xcconfig"; sourceTree = "<group>"; };
/* End PBXFileReference section */

/* Begin PBXFrameworksBuildPhase section */
		4349016D2194D147006A9672 /* Frameworks */ = {
			isa = PBXFrameworksBuildPhase;
			buildActionMask = 2147483647;
			files = (
				432609F9227FA0C60051BCBC /* ArcGIS.framework in Frameworks */,
				35D08B3D59D79249D60A1376 /* Pods_TAQI.framework in Frameworks */,
			);
			runOnlyForDeploymentPostprocessing = 0;
		};
		434901852194D147006A9672 /* Frameworks */ = {
			isa = PBXFrameworksBuildPhase;
			buildActionMask = 2147483647;
			files = (
				53CA24E453FCA79F88A6533C /* Pods_TAQITests.framework in Frameworks */,
			);
			runOnlyForDeploymentPostprocessing = 0;
		};
/* End PBXFrameworksBuildPhase section */

/* Begin PBXGroup section */
		434901672194D147006A9672 = {
			isa = PBXGroup;
			children = (
				438A4D84228F25E900DC1B5B /* Google-Maps-iOS-Utils */,
				432609F8227FA0C60051BCBC /* ArcGIS.framework */,
				434901722194D147006A9672 /* TAQI */,
				4349018B2194D147006A9672 /* TAQITests */,
				434901712194D147006A9672 /* Products */,
				60B32660D3CF24B4B3817EEF /* Frameworks */,
				C97AF84A87962534EE849059 /* Pods */,
			);
			sourceTree = "<group>";
		};
		434901712194D147006A9672 /* Products */ = {
			isa = PBXGroup;
			children = (
				434901702194D147006A9672 /* TAQI.app */,
				434901882194D147006A9672 /* TAQITests.xctest */,
			);
			name = Products;
			sourceTree = "<group>";
		};
		434901722194D147006A9672 /* TAQI */ = {
			isa = PBXGroup;
			children = (
				43E82D6F2252AC8A00160356 /* ArcGIS.bundle */,
				434901732194D147006A9672 /* AppDelegate.swift */,
				434901752194D147006A9672 /* DocumentBrowserViewController.swift */,
				438A4E4F228F55B600DC1B5B /* InstructionsViewController.swift */,
				438E651D228DD0C100A11491 /* DocumentMapViewController.swift */,
				43399178227A68A9000C8E28 /* AnalysisViewController.swift */,
				43F9D45E22933547008659AC /* AQIStatViewController.swift */,
				434119C02295D32B0087D8AD /* AQIInfoViewController.swift */,
				43F9D4602293354E008659AC /* Models */,
				43F9D46122933D59008659AC /* Views */,
				4349017B2194D147006A9672 /* Main.storyboard */,
				438E651B228B8D7500A11491 /* Assets.xcassets */,
				434901802194D147006A9672 /* LaunchScreen.storyboard */,
				434901832194D147006A9672 /* Info.plist */,
				438A4E4E228F265D00DC1B5B /* TAQI-Bridging-Header.h */,
				438A4E53228F57BC00DC1B5B /* takeout_instructions.rtf */,
				434119C22295D8320087D8AD /* aqiInfo.rtf */,
				438E6518228B852A00A11491 /* magma.clr */,
				438E6517228B852A00A11491 /* pnw.tif */,
			);
			path = TAQI;
			sourceTree = "<group>";
		};
		4349018B2194D147006A9672 /* TAQITests */ = {
			isa = PBXGroup;
			children = (
				4349018C2194D147006A9672 /* TAQITests.swift */,
				43198E2322500C2C00221748 /* Location History.json */,
				4349018E2194D147006A9672 /* Info.plist */,
			);
			path = TAQITests;
			sourceTree = "<group>";
		};
		438A4D84228F25E900DC1B5B /* Google-Maps-iOS-Utils */ = {
			isa = PBXGroup;
			children = (
				438A4E08228F262500DC1B5B /* Clustering */,
				438A4DE9228F262500DC1B5B /* Geometry */,
				438A4E24228F262500DC1B5B /* Heatmap */,
				438A4E2B228F262600DC1B5B /* QuadTree */,
			);
			path = "Google-Maps-iOS-Utils";
			sourceTree = "<group>";
		};
		438A4DE9228F262500DC1B5B /* Geometry */ = {
			isa = PBXGroup;
			children = (
				438A4DEA228F262500DC1B5B /* GMUKMLParser.m */,
				438A4DEB228F262500DC1B5B /* GMUGeometryRenderer.m */,
				438A4DEC228F262500DC1B5B /* GMUGeoJSONParser.h */,
				438A4DED228F262500DC1B5B /* Model */,
				438A4E04228F262500DC1B5B /* GMUKMLParser.h */,
				438A4E05228F262500DC1B5B /* GMUGeometryRenderer+Testing.h */,
				438A4E06228F262500DC1B5B /* GMUGeoJSONParser.m */,
				438A4E07228F262500DC1B5B /* GMUGeometryRenderer.h */,
			);
			name = Geometry;
			path = "../../../../../Downloads/google-maps-ios-utils-master/src/Geometry";
			sourceTree = "<group>";
		};
		438A4DED228F262500DC1B5B /* Model */ = {
			isa = PBXGroup;
			children = (
				438A4DEE228F262500DC1B5B /* GMUGeometryCollection.m */,
				438A4DEF228F262500DC1B5B /* GMUPoint.h */,
				438A4DF0228F262500DC1B5B /* GMUStyle.h */,
				438A4DF1228F262500DC1B5B /* GMUPlacemark.m */,
				438A4DF2228F262500DC1B5B /* GMUPolygon.m */,
				438A4DF3228F262500DC1B5B /* GMUPair.h */,
				438A4DF4228F262500DC1B5B /* GMUGeometryContainer.h */,
				438A4DF5228F262500DC1B5B /* GMUStyleMap.m */,
				438A4DF6228F262500DC1B5B /* GMUFeature.m */,
				438A4DF7228F262500DC1B5B /* GMULineString.h */,
				438A4DF8228F262500DC1B5B /* GMUGroundOverlay.m */,
				438A4DF9228F262500DC1B5B /* GMUStyle.m */,
				438A4DFA228F262500DC1B5B /* GMUPoint.m */,
				438A4DFB228F262500DC1B5B /* GMUGeometry.h */,
				438A4DFC228F262500DC1B5B /* GMUGeometryCollection.h */,
				438A4DFD228F262500DC1B5B /* GMUPair.m */,
				438A4DFE228F262500DC1B5B /* GMUPolygon.h */,
				438A4DFF228F262500DC1B5B /* GMUPlacemark.h */,
				438A4E00228F262500DC1B5B /* GMUStyleMap.h */,
				438A4E01228F262500DC1B5B /* GMUGroundOverlay.h */,
				438A4E02228F262500DC1B5B /* GMULineString.m */,
				438A4E03228F262500DC1B5B /* GMUFeature.h */,
			);
			path = Model;
			sourceTree = "<group>";
		};
		438A4E08228F262500DC1B5B /* Clustering */ = {
			isa = PBXGroup;
			children = (
				438A4E09228F262500DC1B5B /* GMUClusterManager.m */,
				438A4E0A228F262500DC1B5B /* GMUStaticCluster.h */,
				438A4E0B228F262500DC1B5B /* GMUMarkerClustering.h */,
				438A4E0C228F262500DC1B5B /* Algo */,
				438A4E16228F262500DC1B5B /* GMUClusterManager.h */,
				438A4E17228F262500DC1B5B /* GMUClusterManager+Testing.h */,
				438A4E18228F262500DC1B5B /* View */,
				438A4E21228F262500DC1B5B /* GMUStaticCluster.m */,
				438A4E22228F262500DC1B5B /* GMUCluster.h */,
				438A4E23228F262500DC1B5B /* GMUClusterItem.h */,
			);
			name = Clustering;
			path = "../../../../../Downloads/google-maps-ios-utils-master/src/Clustering";
			sourceTree = "<group>";
		};
		438A4E0C228F262500DC1B5B /* Algo */ = {
			isa = PBXGroup;
			children = (
				438A4E0D228F262500DC1B5B /* GMUGridBasedClusterAlgorithm.m */,
				438A4E0E228F262500DC1B5B /* GMUClusterAlgorithm.h */,
				438A4E0F228F262500DC1B5B /* GMUNonHierarchicalDistanceBasedAlgorithm.h */,
				438A4E10228F262500DC1B5B /* GMUWrappingDictionaryKey.m */,
				438A4E11228F262500DC1B5B /* GMUSimpleClusterAlgorithm.m */,
				438A4E12228F262500DC1B5B /* GMUGridBasedClusterAlgorithm.h */,
				438A4E13228F262500DC1B5B /* GMUNonHierarchicalDistanceBasedAlgorithm.m */,
				438A4E14228F262500DC1B5B /* GMUSimpleClusterAlgorithm.h */,
				438A4E15228F262500DC1B5B /* GMUWrappingDictionaryKey.h */,
			);
			path = Algo;
			sourceTree = "<group>";
		};
		438A4E18228F262500DC1B5B /* View */ = {
			isa = PBXGroup;
			children = (
				438A4E19228F262500DC1B5B /* GMUClusterIconGenerator.h */,
				438A4E1A228F262500DC1B5B /* GMUClusterRenderer.h */,
				438A4E1B228F262500DC1B5B /* GMUDefaultClusterRenderer+Testing.h */,
				438A4E1C228F262500DC1B5B /* GMUDefaultClusterRenderer.m */,
				438A4E1D228F262500DC1B5B /* GMUDefaultClusterIconGenerator.h */,
				438A4E1E228F262500DC1B5B /* GMUDefaultClusterIconGenerator.m */,
				438A4E1F228F262500DC1B5B /* GMUDefaultClusterRenderer.h */,
				438A4E20228F262500DC1B5B /* GMUDefaultClusterIconGenerator+Testing.h */,
			);
			path = View;
			sourceTree = "<group>";
		};
		438A4E24228F262500DC1B5B /* Heatmap */ = {
			isa = PBXGroup;
			children = (
				438A4E25228F262500DC1B5B /* GMUGradient.h */,
				438A4E26228F262500DC1B5B /* GMUWeightedLatLng.m */,
				438A4E27228F262500DC1B5B /* GMUHeatmapTileLayer.h */,
				438A4E28228F262500DC1B5B /* GMUWeightedLatLng.h */,
				438A4E29228F262500DC1B5B /* GMUGradient.m */,
				438A4E2A228F262500DC1B5B /* GMUHeatmapTileLayer.m */,
			);
			name = Heatmap;
			path = "../../../../../Downloads/google-maps-ios-utils-master/src/Heatmap";
			sourceTree = "<group>";
		};
		438A4E2B228F262600DC1B5B /* QuadTree */ = {
			isa = PBXGroup;
			children = (
				438A4E2C228F262600DC1B5B /* GQTPointQuadTree.m */,
				438A4E2D228F262600DC1B5B /* GQTPointQuadTreeItem.h */,
				438A4E2E228F262600DC1B5B /* GQTPointQuadTreeChild.m */,
				438A4E2F228F262600DC1B5B /* GQTPoint.h */,
				438A4E30228F262600DC1B5B /* GQTPointQuadTree.h */,
				438A4E31228F262600DC1B5B /* GQTPointQuadTreeChild.h */,
				438A4E32228F262600DC1B5B /* GQTBounds.h */,
			);
			name = QuadTree;
			path = "../../../../../Downloads/google-maps-ios-utils-master/src/QuadTree";
			sourceTree = "<group>";
		};
		43F9D4542293113A008659AC /* DynamicMapView */ = {
			isa = PBXGroup;
			children = (
				43F9D42B22928C24008659AC /* DynamicMapView.swift */,
				43F9D455229311EC008659AC /* DynamicMapView.xib */,
			);
			path = DynamicMapView;
			sourceTree = "<group>";
		};
		43F9D4602293354E008659AC /* Models */ = {
			isa = PBXGroup;
			children = (
				434901792194D147006A9672 /* Document.swift */,
				4385676E22265FF600371171 /* Path.swift */,
				43580DBB221B9DA800B48596 /* Location.swift */,
			);
			path = Models;
			sourceTree = "<group>";
		};
		43F9D46122933D59008659AC /* Views */ = {
			isa = PBXGroup;
			children = (
				43F9D4542293113A008659AC /* DynamicMapView */,
				43F9D45C2293227C008659AC /* AQIStatTableViewCell.swift */,
			);
			path = Views;
			sourceTree = "<group>";
		};
		60B32660D3CF24B4B3817EEF /* Frameworks */ = {
			isa = PBXGroup;
			children = (
				B753DE4A1B4A39946D5AD648 /* Pods_Timeline.framework */,
				A7CEA67E369BC73045A08C7C /* Pods_TimelineTests.framework */,
				61E36300214CF319152C974A /* Pods_TAQI.framework */,
				5AC4BF00C8D5C4FB47414FDC /* Pods_TAQITests.framework */,
			);
			name = Frameworks;
			sourceTree = "<group>";
		};
		C97AF84A87962534EE849059 /* Pods */ = {
			isa = PBXGroup;
			children = (
				A2EC05C238449FB3CDA01702 /* Pods-TAQI.debug.xcconfig */,
				1079C9CB213F7F824EAF6002 /* Pods-TAQI.release.xcconfig */,
				B6C69ED58787FFB71C83AD29 /* Pods-TAQITests.debug.xcconfig */,
				E74DB1DECEC0AE52B2C74834 /* Pods-TAQITests.release.xcconfig */,
			);
			path = Pods;
			sourceTree = "<group>";
		};
/* End PBXGroup section */

/* Begin PBXNativeTarget section */
		4349016F2194D147006A9672 /* TAQI */ = {
			isa = PBXNativeTarget;
			buildConfigurationList = 434901912194D147006A9672 /* Build configuration list for PBXNativeTarget "TAQI" */;
			buildPhases = (
				5ADFAEFEDCDD0F6BD226397F /* [CP] Check Pods Manifest.lock */,
				4349016C2194D147006A9672 /* Sources */,
				4349016D2194D147006A9672 /* Frameworks */,
				4349016E2194D147006A9672 /* Resources */,
				434901A92194D29F006A9672 /* Embed App Extensions */,
				432609FB227FA0C60051BCBC /* Embed Frameworks */,
				432609F7227FA0440051BCBC /* ShellScript */,
				BDAAD2C019C01BDBCE866107 /* [CP] Copy Pods Resources */,
			);
			buildRules = (
			);
			dependencies = (
			);
			name = TAQI;
			productName = Timeline;
			productReference = 434901702194D147006A9672 /* TAQI.app */;
			productType = "com.apple.product-type.application";
		};
		434901872194D147006A9672 /* TAQITests */ = {
			isa = PBXNativeTarget;
			buildConfigurationList = 434901942194D147006A9672 /* Build configuration list for PBXNativeTarget "TAQITests" */;
			buildPhases = (
				D5234E0095A217018CB93940 /* [CP] Check Pods Manifest.lock */,
				434901842194D147006A9672 /* Sources */,
				434901852194D147006A9672 /* Frameworks */,
				434901862194D147006A9672 /* Resources */,
			);
			buildRules = (
			);
			dependencies = (
				4349018A2194D147006A9672 /* PBXTargetDependency */,
			);
			name = TAQITests;
			productName = TimelineTests;
			productReference = 434901882194D147006A9672 /* TAQITests.xctest */;
			productType = "com.apple.product-type.bundle.unit-test";
		};
/* End PBXNativeTarget section */

/* Begin PBXProject section */
		434901682194D147006A9672 /* Project object */ = {
			isa = PBXProject;
			attributes = {
				LastSwiftUpdateCheck = 1010;
				LastUpgradeCheck = 1010;
				ORGANIZATIONNAME = "Samuel Lichlyter";
				TargetAttributes = {
					4349016F2194D147006A9672 = {
						CreatedOnToolsVersion = 10.1;
						LastSwiftMigration = 1020;
						SystemCapabilities = {
							com.apple.ApplicationGroups.iOS = {
								enabled = 0;
							};
						};
					};
					434901872194D147006A9672 = {
						CreatedOnToolsVersion = 10.1;
						LastSwiftMigration = 1020;
						TestTargetID = 4349016F2194D147006A9672;
					};
				};
			};
			buildConfigurationList = 4349016B2194D147006A9672 /* Build configuration list for PBXProject "TAQI" */;
			compatibilityVersion = "Xcode 9.3";
			developmentRegion = en;
			hasScannedForEncodings = 0;
			knownRegions = (
				en,
				Base,
			);
			mainGroup = 434901672194D147006A9672;
			productRefGroup = 434901712194D147006A9672 /* Products */;
			projectDirPath = "";
			projectRoot = "";
			targets = (
				4349016F2194D147006A9672 /* TAQI */,
				434901872194D147006A9672 /* TAQITests */,
			);
		};
/* End PBXProject section */

/* Begin PBXResourcesBuildPhase section */
		4349016E2194D147006A9672 /* Resources */ = {
			isa = PBXResourcesBuildPhase;
			buildActionMask = 2147483647;
			files = (
				438A4E54228F57BC00DC1B5B /* takeout_instructions.rtf in Resources */,
				43F9D456229311EC008659AC /* DynamicMapView.xib in Resources */,
				434119C32295D8320087D8AD /* aqiInfo.rtf in Resources */,
				434901822194D147006A9672 /* LaunchScreen.storyboard in Resources */,
				43E82D702252AC8A00160356 /* ArcGIS.bundle in Resources */,
				438E651A228B852A00A11491 /* magma.clr in Resources */,
				4349017D2194D147006A9672 /* Main.storyboard in Resources */,
				438E651C228B8D7600A11491 /* Assets.xcassets in Resources */,
				438E6519228B852A00A11491 /* pnw.tif in Resources */,
			);
			runOnlyForDeploymentPostprocessing = 0;
		};
		434901862194D147006A9672 /* Resources */ = {
			isa = PBXResourcesBuildPhase;
			buildActionMask = 2147483647;
			files = (
				43198E2422500C2C00221748 /* Location History.json in Resources */,
			);
			runOnlyForDeploymentPostprocessing = 0;
		};
/* End PBXResourcesBuildPhase section */

/* Begin PBXShellScriptBuildPhase section */
		432609F7227FA0440051BCBC /* ShellScript */ = {
			isa = PBXShellScriptBuildPhase;
			buildActionMask = 2147483647;
			files = (
			);
			inputFileListPaths = (
			);
			inputPaths = (
			);
			outputFileListPaths = (
			);
			outputPaths = (
			);
			runOnlyForDeploymentPostprocessing = 0;
			shellPath = /bin/sh;
			shellScript = "bash \"${BUILT_PRODUCTS_DIR}/${FRAMEWORKS_FOLDER_PATH}/ArcGIS.framework/strip-frameworks.sh\"\n";
		};
		5ADFAEFEDCDD0F6BD226397F /* [CP] Check Pods Manifest.lock */ = {
			isa = PBXShellScriptBuildPhase;
			buildActionMask = 2147483647;
			files = (
			);
			inputFileListPaths = (
			);
			inputPaths = (
				"${PODS_PODFILE_DIR_PATH}/Podfile.lock",
				"${PODS_ROOT}/Manifest.lock",
			);
			name = "[CP] Check Pods Manifest.lock";
			outputFileListPaths = (
			);
			outputPaths = (
				"$(DERIVED_FILE_DIR)/Pods-TAQI-checkManifestLockResult.txt",
			);
			runOnlyForDeploymentPostprocessing = 0;
			shellPath = /bin/sh;
			shellScript = "diff \"${PODS_PODFILE_DIR_PATH}/Podfile.lock\" \"${PODS_ROOT}/Manifest.lock\" > /dev/null\nif [ $? != 0 ] ; then\n    # print error to STDERR\n    echo \"error: The sandbox is not in sync with the Podfile.lock. Run 'pod install' or update your CocoaPods installation.\" >&2\n    exit 1\nfi\n# This output is used by Xcode 'outputs' to avoid re-running this script phase.\necho \"SUCCESS\" > \"${SCRIPT_OUTPUT_FILE_0}\"\n";
			showEnvVarsInLog = 0;
		};
		BDAAD2C019C01BDBCE866107 /* [CP] Copy Pods Resources */ = {
			isa = PBXShellScriptBuildPhase;
			buildActionMask = 2147483647;
			files = (
			);
			inputFileListPaths = (
			);
			inputPaths = (
				"${PODS_ROOT}/Target Support Files/Pods-TAQI/Pods-TAQI-resources.sh",
				"${PODS_ROOT}/GoogleMaps/Maps/Frameworks/GoogleMaps.framework/Resources/GoogleMaps.bundle",
			);
			name = "[CP] Copy Pods Resources";
			outputFileListPaths = (
			);
			outputPaths = (
				"${TARGET_BUILD_DIR}/${UNLOCALIZED_RESOURCES_FOLDER_PATH}/GoogleMaps.bundle",
			);
			runOnlyForDeploymentPostprocessing = 0;
			shellPath = /bin/sh;
			shellScript = "\"${PODS_ROOT}/Target Support Files/Pods-TAQI/Pods-TAQI-resources.sh\"\n";
			showEnvVarsInLog = 0;
		};
		D5234E0095A217018CB93940 /* [CP] Check Pods Manifest.lock */ = {
			isa = PBXShellScriptBuildPhase;
			buildActionMask = 2147483647;
			files = (
			);
			inputFileListPaths = (
			);
			inputPaths = (
				"${PODS_PODFILE_DIR_PATH}/Podfile.lock",
				"${PODS_ROOT}/Manifest.lock",
			);
			name = "[CP] Check Pods Manifest.lock";
			outputFileListPaths = (
			);
			outputPaths = (
				"$(DERIVED_FILE_DIR)/Pods-TAQITests-checkManifestLockResult.txt",
			);
			runOnlyForDeploymentPostprocessing = 0;
			shellPath = /bin/sh;
			shellScript = "diff \"${PODS_PODFILE_DIR_PATH}/Podfile.lock\" \"${PODS_ROOT}/Manifest.lock\" > /dev/null\nif [ $? != 0 ] ; then\n    # print error to STDERR\n    echo \"error: The sandbox is not in sync with the Podfile.lock. Run 'pod install' or update your CocoaPods installation.\" >&2\n    exit 1\nfi\n# This output is used by Xcode 'outputs' to avoid re-running this script phase.\necho \"SUCCESS\" > \"${SCRIPT_OUTPUT_FILE_0}\"\n";
			showEnvVarsInLog = 0;
		};
/* End PBXShellScriptBuildPhase section */

/* Begin PBXSourcesBuildPhase section */
		4349016C2194D147006A9672 /* Sources */ = {
			isa = PBXSourcesBuildPhase;
			buildActionMask = 2147483647;
			files = (
				4349017A2194D147006A9672 /* Document.swift in Sources */,
				434901762194D147006A9672 /* DocumentBrowserViewController.swift in Sources */,
				438E651E228DD0C100A11491 /* DocumentMapViewController.swift in Sources */,
				438A4E3C228F262600DC1B5B /* GMUPoint.m in Sources */,
				438A4E41228F262600DC1B5B /* GMUGridBasedClusterAlgorithm.m in Sources */,
				438A4E45228F262600DC1B5B /* GMUDefaultClusterRenderer.m in Sources */,
				438A4E40228F262600DC1B5B /* GMUClusterManager.m in Sources */,
				438A4E3F228F262600DC1B5B /* GMUGeoJSONParser.m in Sources */,
				438A4E33228F262600DC1B5B /* GMUKMLParser.m in Sources */,
				434901742194D147006A9672 /* AppDelegate.swift in Sources */,
				434119C12295D32B0087D8AD /* AQIInfoViewController.swift in Sources */,
				43399179227A68A9000C8E28 /* AnalysisViewController.swift in Sources */,
				438A4E38228F262600DC1B5B /* GMUStyleMap.m in Sources */,
				4385676F22265FF600371171 /* Path.swift in Sources */,
				438A4E39228F262600DC1B5B /* GMUFeature.m in Sources */,
				438A4E36228F262600DC1B5B /* GMUPlacemark.m in Sources */,
				438A4E3A228F262600DC1B5B /* GMUGroundOverlay.m in Sources */,
				438A4E37228F262600DC1B5B /* GMUPolygon.m in Sources */,
				438A4E4C228F262600DC1B5B /* GQTPointQuadTreeChild.m in Sources */,
				438A4E50228F55B600DC1B5B /* InstructionsViewController.swift in Sources */,
				438A4E4A228F262600DC1B5B /* GMUHeatmapTileLayer.m in Sources */,
				438A4E49228F262600DC1B5B /* GMUGradient.m in Sources */,
				438A4E46228F262600DC1B5B /* GMUDefaultClusterIconGenerator.m in Sources */,
				438A4E44228F262600DC1B5B /* GMUNonHierarchicalDistanceBasedAlgorithm.m in Sources */,
				43F9D45D2293227C008659AC /* AQIStatTableViewCell.swift in Sources */,
				438A4E3E228F262600DC1B5B /* GMULineString.m in Sources */,
				43580DBC221B9DA800B48596 /* Location.swift in Sources */,
				438A4E43228F262600DC1B5B /* GMUSimpleClusterAlgorithm.m in Sources */,
				438A4E34228F262600DC1B5B /* GMUGeometryRenderer.m in Sources */,
				438A4E35228F262600DC1B5B /* GMUGeometryCollection.m in Sources */,
				438A4E47228F262600DC1B5B /* GMUStaticCluster.m in Sources */,
				438A4E3B228F262600DC1B5B /* GMUStyle.m in Sources */,
				438A4E48228F262600DC1B5B /* GMUWeightedLatLng.m in Sources */,
				438A4E3D228F262600DC1B5B /* GMUPair.m in Sources */,
				43F9D45F22933547008659AC /* AQIStatViewController.swift in Sources */,
				438A4E4B228F262600DC1B5B /* GQTPointQuadTree.m in Sources */,
				438A4E42228F262600DC1B5B /* GMUWrappingDictionaryKey.m in Sources */,
				43F9D42C22928C24008659AC /* DynamicMapView.swift in Sources */,
			);
			runOnlyForDeploymentPostprocessing = 0;
		};
		434901842194D147006A9672 /* Sources */ = {
			isa = PBXSourcesBuildPhase;
			buildActionMask = 2147483647;
			files = (
				4349018D2194D147006A9672 /* TAQITests.swift in Sources */,
			);
			runOnlyForDeploymentPostprocessing = 0;
		};
/* End PBXSourcesBuildPhase section */

/* Begin PBXTargetDependency section */
		4349018A2194D147006A9672 /* PBXTargetDependency */ = {
			isa = PBXTargetDependency;
			target = 4349016F2194D147006A9672 /* TAQI */;
			targetProxy = 434901892194D147006A9672 /* PBXContainerItemProxy */;
		};
/* End PBXTargetDependency section */

/* Begin PBXVariantGroup section */
		4349017B2194D147006A9672 /* Main.storyboard */ = {
			isa = PBXVariantGroup;
			children = (
				4349017C2194D147006A9672 /* Base */,
			);
			name = Main.storyboard;
			sourceTree = "<group>";
		};
		434901802194D147006A9672 /* LaunchScreen.storyboard */ = {
			isa = PBXVariantGroup;
			children = (
				434901812194D147006A9672 /* Base */,
			);
			name = LaunchScreen.storyboard;
			sourceTree = "<group>";
		};
/* End PBXVariantGroup section */

/* Begin XCBuildConfiguration section */
		4349018F2194D147006A9672 /* Debug */ = {
			isa = XCBuildConfiguration;
			buildSettings = {
				ALWAYS_SEARCH_USER_PATHS = NO;
				CLANG_ANALYZER_NONNULL = YES;
				CLANG_ANALYZER_NUMBER_OBJECT_CONVERSION = YES_AGGRESSIVE;
				CLANG_CXX_LANGUAGE_STANDARD = "gnu++14";
				CLANG_CXX_LIBRARY = "libc++";
				CLANG_ENABLE_MODULES = YES;
				CLANG_ENABLE_OBJC_ARC = YES;
				CLANG_ENABLE_OBJC_WEAK = YES;
				CLANG_WARN_BLOCK_CAPTURE_AUTORELEASING = YES;
				CLANG_WARN_BOOL_CONVERSION = YES;
				CLANG_WARN_COMMA = YES;
				CLANG_WARN_CONSTANT_CONVERSION = YES;
				CLANG_WARN_DEPRECATED_OBJC_IMPLEMENTATIONS = YES;
				CLANG_WARN_DIRECT_OBJC_ISA_USAGE = YES_ERROR;
				CLANG_WARN_DOCUMENTATION_COMMENTS = YES;
				CLANG_WARN_EMPTY_BODY = YES;
				CLANG_WARN_ENUM_CONVERSION = YES;
				CLANG_WARN_INFINITE_RECURSION = YES;
				CLANG_WARN_INT_CONVERSION = YES;
				CLANG_WARN_NON_LITERAL_NULL_CONVERSION = YES;
				CLANG_WARN_OBJC_IMPLICIT_RETAIN_SELF = YES;
				CLANG_WARN_OBJC_LITERAL_CONVERSION = YES;
				CLANG_WARN_OBJC_ROOT_CLASS = YES_ERROR;
				CLANG_WARN_RANGE_LOOP_ANALYSIS = YES;
				CLANG_WARN_STRICT_PROTOTYPES = YES;
				CLANG_WARN_SUSPICIOUS_MOVE = YES;
				CLANG_WARN_UNGUARDED_AVAILABILITY = YES_AGGRESSIVE;
				CLANG_WARN_UNREACHABLE_CODE = YES;
				CLANG_WARN__DUPLICATE_METHOD_MATCH = YES;
				CODE_SIGN_IDENTITY = "iPhone Developer";
				COPY_PHASE_STRIP = NO;
				DEBUG_INFORMATION_FORMAT = dwarf;
				ENABLE_STRICT_OBJC_MSGSEND = YES;
				ENABLE_TESTABILITY = YES;
				GCC_C_LANGUAGE_STANDARD = gnu11;
				GCC_DYNAMIC_NO_PIC = NO;
				GCC_NO_COMMON_BLOCKS = YES;
				GCC_OPTIMIZATION_LEVEL = 0;
				GCC_PREPROCESSOR_DEFINITIONS = (
					"DEBUG=1",
					"$(inherited)",
				);
				GCC_WARN_64_TO_32_BIT_CONVERSION = YES;
				GCC_WARN_ABOUT_RETURN_TYPE = YES_ERROR;
				GCC_WARN_UNDECLARED_SELECTOR = YES;
				GCC_WARN_UNINITIALIZED_AUTOS = YES_AGGRESSIVE;
				GCC_WARN_UNUSED_FUNCTION = YES;
				GCC_WARN_UNUSED_VARIABLE = YES;
				IPHONEOS_DEPLOYMENT_TARGET = 12.1;
				MTL_ENABLE_DEBUG_INFO = INCLUDE_SOURCE;
				MTL_FAST_MATH = YES;
				ONLY_ACTIVE_ARCH = YES;
				SDKROOT = iphoneos;
				SWIFT_ACTIVE_COMPILATION_CONDITIONS = DEBUG;
				SWIFT_OPTIMIZATION_LEVEL = "-Onone";
			};
			name = Debug;
		};
		434901902194D147006A9672 /* Release */ = {
			isa = XCBuildConfiguration;
			buildSettings = {
				ALWAYS_SEARCH_USER_PATHS = NO;
				CLANG_ANALYZER_NONNULL = YES;
				CLANG_ANALYZER_NUMBER_OBJECT_CONVERSION = YES_AGGRESSIVE;
				CLANG_CXX_LANGUAGE_STANDARD = "gnu++14";
				CLANG_CXX_LIBRARY = "libc++";
				CLANG_ENABLE_MODULES = YES;
				CLANG_ENABLE_OBJC_ARC = YES;
				CLANG_ENABLE_OBJC_WEAK = YES;
				CLANG_WARN_BLOCK_CAPTURE_AUTORELEASING = YES;
				CLANG_WARN_BOOL_CONVERSION = YES;
				CLANG_WARN_COMMA = YES;
				CLANG_WARN_CONSTANT_CONVERSION = YES;
				CLANG_WARN_DEPRECATED_OBJC_IMPLEMENTATIONS = YES;
				CLANG_WARN_DIRECT_OBJC_ISA_USAGE = YES_ERROR;
				CLANG_WARN_DOCUMENTATION_COMMENTS = YES;
				CLANG_WARN_EMPTY_BODY = YES;
				CLANG_WARN_ENUM_CONVERSION = YES;
				CLANG_WARN_INFINITE_RECURSION = YES;
				CLANG_WARN_INT_CONVERSION = YES;
				CLANG_WARN_NON_LITERAL_NULL_CONVERSION = YES;
				CLANG_WARN_OBJC_IMPLICIT_RETAIN_SELF = YES;
				CLANG_WARN_OBJC_LITERAL_CONVERSION = YES;
				CLANG_WARN_OBJC_ROOT_CLASS = YES_ERROR;
				CLANG_WARN_RANGE_LOOP_ANALYSIS = YES;
				CLANG_WARN_STRICT_PROTOTYPES = YES;
				CLANG_WARN_SUSPICIOUS_MOVE = YES;
				CLANG_WARN_UNGUARDED_AVAILABILITY = YES_AGGRESSIVE;
				CLANG_WARN_UNREACHABLE_CODE = YES;
				CLANG_WARN__DUPLICATE_METHOD_MATCH = YES;
				CODE_SIGN_IDENTITY = "iPhone Developer";
				COPY_PHASE_STRIP = NO;
				DEBUG_INFORMATION_FORMAT = "dwarf-with-dsym";
				ENABLE_NS_ASSERTIONS = NO;
				ENABLE_STRICT_OBJC_MSGSEND = YES;
				GCC_C_LANGUAGE_STANDARD = gnu11;
				GCC_NO_COMMON_BLOCKS = YES;
				GCC_WARN_64_TO_32_BIT_CONVERSION = YES;
				GCC_WARN_ABOUT_RETURN_TYPE = YES_ERROR;
				GCC_WARN_UNDECLARED_SELECTOR = YES;
				GCC_WARN_UNINITIALIZED_AUTOS = YES_AGGRESSIVE;
				GCC_WARN_UNUSED_FUNCTION = YES;
				GCC_WARN_UNUSED_VARIABLE = YES;
				IPHONEOS_DEPLOYMENT_TARGET = 12.1;
				MTL_ENABLE_DEBUG_INFO = NO;
				MTL_FAST_MATH = YES;
				SDKROOT = iphoneos;
				SWIFT_COMPILATION_MODE = wholemodule;
				SWIFT_OPTIMIZATION_LEVEL = "-O";
				VALIDATE_PRODUCT = YES;
			};
			name = Release;
		};
		434901922194D147006A9672 /* Debug */ = {
			isa = XCBuildConfiguration;
			baseConfigurationReference = A2EC05C238449FB3CDA01702 /* Pods-TAQI.debug.xcconfig */;
			buildSettings = {
				ALWAYS_EMBED_SWIFT_STANDARD_LIBRARIES = "$(inherited)";
				ASSETCATALOG_COMPILER_APPICON_NAME = AppIcon;
				CODE_SIGN_STYLE = Automatic;
				DEVELOPMENT_TEAM = L3W5FDZG36;
				FRAMEWORK_SEARCH_PATHS = (
					"$(HOME)/Library/SDKs/ArcGIS/iOS/Frameworks/Static",
					"$(inherited)",
					"$(USER_LIBRARY_DIR)/SDKs/ArcGIS/iOS/Frameworks/Dynamic",
				);
				INFOPLIST_FILE = "$(SRCROOT)/TAQI/Info.plist";
				LD_RUNPATH_SEARCH_PATHS = (
					"$(inherited)",
					"@executable_path/Frameworks",
				);
				OTHER_LDFLAGS = (
					"-ObjC",
					"-framework",
					ArcGIS,
					"-l",
					"c++",
					"$(inherited)",
				);
				PRODUCT_BUNDLE_IDENTIFIER = com.samuellichlyter.TAQI;
				PRODUCT_NAME = "$(TARGET_NAME)";
				SWIFT_OBJC_BRIDGING_HEADER = "TAQI/TAQI-Bridging-Header.h";
				SWIFT_VERSION = 5.0;
				TARGETED_DEVICE_FAMILY = "1,2";
			};
			name = Debug;
		};
		434901932194D147006A9672 /* Release */ = {
			isa = XCBuildConfiguration;
			baseConfigurationReference = 1079C9CB213F7F824EAF6002 /* Pods-TAQI.release.xcconfig */;
			buildSettings = {
				ALWAYS_EMBED_SWIFT_STANDARD_LIBRARIES = "$(inherited)";
				ASSETCATALOG_COMPILER_APPICON_NAME = AppIcon;
				CODE_SIGN_STYLE = Automatic;
				DEVELOPMENT_TEAM = L3W5FDZG36;
				FRAMEWORK_SEARCH_PATHS = (
					"$(HOME)/Library/SDKs/ArcGIS/iOS/Frameworks/Static",
					"$(inherited)",
					"$(USER_LIBRARY_DIR)/SDKs/ArcGIS/iOS/Frameworks/Dynamic",
				);
				INFOPLIST_FILE = "$(SRCROOT)/TAQI/Info.plist";
				LD_RUNPATH_SEARCH_PATHS = (
					"$(inherited)",
					"@executable_path/Frameworks",
				);
				OTHER_LDFLAGS = (
					"-ObjC",
					"-framework",
					ArcGIS,
					"-l",
					"c++",
					"$(inherited)",
				);
				PRODUCT_BUNDLE_IDENTIFIER = com.samuellichlyter.TAQI;
				PRODUCT_NAME = "$(TARGET_NAME)";
				SWIFT_OBJC_BRIDGING_HEADER = "TAQI/TAQI-Bridging-Header.h";
				SWIFT_VERSION = 5.0;
				TARGETED_DEVICE_FAMILY = "1,2";
			};
			name = Release;
		};
		434901952194D147006A9672 /* Debug */ = {
			isa = XCBuildConfiguration;
			baseConfigurationReference = B6C69ED58787FFB71C83AD29 /* Pods-TAQITests.debug.xcconfig */;
			buildSettings = {
				ALWAYS_EMBED_SWIFT_STANDARD_LIBRARIES = YES;
				BUNDLE_LOADER = "$(TEST_HOST)";
				CODE_SIGN_STYLE = Automatic;
				DEVELOPMENT_TEAM = L3W5FDZG36;
				INFOPLIST_FILE = TimelineTests/Info.plist;
				LD_RUNPATH_SEARCH_PATHS = (
					"$(inherited)",
					"@executable_path/Frameworks",
					"@loader_path/Frameworks",
				);
				PRODUCT_BUNDLE_IDENTIFIER = com.samuellichlyter.TimelineTests;
				PRODUCT_NAME = "$(TARGET_NAME)";
				SWIFT_VERSION = 5.0;
				TARGETED_DEVICE_FAMILY = "1,2";
				TEST_HOST = "$(BUILT_PRODUCTS_DIR)/TAQI.app/TAQI";
			};
			name = Debug;
		};
		434901962194D147006A9672 /* Release */ = {
			isa = XCBuildConfiguration;
			baseConfigurationReference = E74DB1DECEC0AE52B2C74834 /* Pods-TAQITests.release.xcconfig */;
			buildSettings = {
				ALWAYS_EMBED_SWIFT_STANDARD_LIBRARIES = YES;
				BUNDLE_LOADER = "$(TEST_HOST)";
				CODE_SIGN_STYLE = Automatic;
				DEVELOPMENT_TEAM = L3W5FDZG36;
				INFOPLIST_FILE = TimelineTests/Info.plist;
				LD_RUNPATH_SEARCH_PATHS = (
					"$(inherited)",
					"@executable_path/Frameworks",
					"@loader_path/Frameworks",
				);
				PRODUCT_BUNDLE_IDENTIFIER = com.samuellichlyter.TimelineTests;
				PRODUCT_NAME = "$(TARGET_NAME)";
				SWIFT_VERSION = 5.0;
				TARGETED_DEVICE_FAMILY = "1,2";
				TEST_HOST = "$(BUILT_PRODUCTS_DIR)/TAQI.app/TAQI";
			};
			name = Release;
		};
/* End XCBuildConfiguration section */

/* Begin XCConfigurationList section */
		4349016B2194D147006A9672 /* Build configuration list for PBXProject "TAQI" */ = {
			isa = XCConfigurationList;
			buildConfigurations = (
				4349018F2194D147006A9672 /* Debug */,
				434901902194D147006A9672 /* Release */,
			);
			defaultConfigurationIsVisible = 0;
			defaultConfigurationName = Release;
		};
		434901912194D147006A9672 /* Build configuration list for PBXNativeTarget "TAQI" */ = {
			isa = XCConfigurationList;
			buildConfigurations = (
				434901922194D147006A9672 /* Debug */,
				434901932194D147006A9672 /* Release */,
			);
			defaultConfigurationIsVisible = 0;
			defaultConfigurationName = Release;
		};
		434901942194D147006A9672 /* Build configuration list for PBXNativeTarget "TAQITests" */ = {
			isa = XCConfigurationList;
			buildConfigurations = (
				434901952194D147006A9672 /* Debug */,
				434901962194D147006A9672 /* Release */,
			);
			defaultConfigurationIsVisible = 0;
			defaultConfigurationName = Release;
		};
/* End XCConfigurationList section */
	};
	rootObject = 434901682194D147006A9672 /* Project object */;
}
